
Microsoft Visual Studio Solution File, Format Version 12.00
# Visual Studio 15
VisualStudioVersion = 15.0.27130.2003
MinimumVisualStudioVersion = 10.0.40219.1
Project("{FAE04EC0-301F-11D3-BF4B-00C04F79EFBC}") = "WebUI", "WebUI\WebUI.csproj", "{995511B9-4B2B-4B5F-A717-C456E9636E21}"
EndProject
Global
	GlobalSection(SolutionConfigurationPlatforms) = preSolution
		Debug|Any CPU = Debug|Any CPU
		Release|Any CPU = Release|Any CPU
	EndGlobalSection
	GlobalSection(ProjectConfigurationPlatforms) = postSolution
		{995511B9-4B2B-4B5F-A717-C456E9636E21}.Debug|Any CPU.ActiveCfg = Debug|Any CPU
		{995511B9-4B2B-4B5F-A717-C456E9636E21}.Debug|Any CPU.Build.0 = Debug|Any CPU
		{995511B9-4B2B-4B5F-A717-C456E9636E21}.Release|Any CPU.ActiveCfg = Release|Any CPU
		{995511B9-4B2B-4B5F-A717-C456E9636E21}.Release|Any CPU.Build.0 = Release|Any CPU
	EndGlobalSection
	GlobalSection(SolutionProperties) = preSolution
		HideSolutionNode = FALSE
	EndGlobalSection
	GlobalSection(ExtensibilityGlobals) = postSolution
		SolutionGuid = {63AD5C5F-8D84-45D8-84BE-E62C57B7D732}
	EndGlobalSection
EndGlobal
